# This file was autogenerated by Stack.
# You should not edit this file by hand.
# For more information, please see the documentation at:
#   https://docs.haskellstack.org/en/stable/lock_files

packages:
- completed:
    name: scrabble-oracle
    version: 0.1.0.0
    git: https://github.com/jzwood/ScrabbleOracle.git
    pantry-tree:
      size: 2424
      sha256: 9cf2d1ce3427d6c6e795fcdd61fe32a93ce7bda8497ebed3e7508f255fd5c23e
    commit: d0d1b787fba46b5ff2aa5e2457b14be1c5ff666f
  original:
    git: https://github.com/jzwood/ScrabbleOracle.git
    commit: d0d1b787fba46b5ff2aa5e2457b14be1c5ff666f
snapshots:
- completed:
    size: 532386
    url: https://raw.githubusercontent.com/commercialhaskell/stackage-snapshots/master/lts/16/17.yaml
    sha256: d3ee1ae797cf63189c95cf27f00700304946c5cb3c1e6a82001cd6584a221e1b
  original: lts-16.17
